{
  "nodes": {
    "flake-compat": {
      "flake": false,
      "locked": {
        "lastModified": 1627913399,
        "narHash": "sha256-hY8g6H2KFL8ownSiFeMOjwPC8P0ueXpCVEbxgda3pko=",
        "owner": "edolstra",
        "repo": "flake-compat",
        "rev": "12c64ca55c1014cdc1b16ed5a804aa8576601ff2",
        "type": "github"
      },
      "original": {
        "owner": "edolstra",
        "repo": "flake-compat",
        "type": "github"
      }
    },
    "flake-utils": {
      "locked": {
        "lastModified": 1638122382,
        "narHash": "sha256-sQzZzAbvKEqN9s0bzWuYmRaA03v40gaJ4+iL1LXjaeI=",
        "owner": "numtide",
        "repo": "flake-utils",
        "rev": "74f7e4319258e287b0f9cb95426c9853b282730b",
        "type": "github"
      },
      "original": {
        "owner": "numtide",
        "repo": "flake-utils",
        "type": "github"
      }
    },
    "flake-utils_2": {
      "locked": {
        "lastModified": 1629481132,
        "narHash": "sha256-JHgasjPR0/J1J3DRm4KxM4zTyAj4IOJY8vIl75v/kPI=",
        "owner": "numtide",
        "repo": "flake-utils",
        "rev": "997f7efcb746a9c140ce1f13c72263189225f482",
        "type": "github"
      },
      "original": {
        "owner": "numtide",
        "repo": "flake-utils",
        "type": "github"
      }
    },
    "home-manager": {
      "inputs": {
        "nixpkgs": [
          "nixpkgs"
        ]
      },
      "locked": {
        "lastModified": 1638311312,
        "narHash": "sha256-OMAd3WZ/VtMK0QQwDrrynP6+jOlWLd1yQtnW56+eZtA=",
        "owner": "nix-community",
        "repo": "home-manager",
        "rev": "f23073f1daa769a28a12ac587eea487aa8afb196",
        "type": "github"
      },
      "original": {
        "owner": "nix-community",
        "repo": "home-manager",
        "type": "github"
      }
    },
    "neovim-flake": {
      "inputs": {
        "flake-utils": "flake-utils_2",
        "nixpkgs": "nixpkgs"
      },
      "locked": {
        "dir": "contrib",
        "lastModified": 1638329954,
        "narHash": "sha256-xYlTATWAX9Vu0yK39mFO4UX0Yl/Xz3if+/a7iAV3kV8=",
        "owner": "neovim",
        "repo": "neovim",
        "rev": "d3585e0ec52ee828fd68c4bd3e3ec1c294e1f4a0",
        "type": "github"
      },
      "original": {
        "dir": "contrib",
        "owner": "neovim",
        "repo": "neovim",
        "type": "github"
      }
    },
    "neovim-nightly-overlay": {
      "inputs": {
        "flake-compat": "flake-compat",
        "neovim-flake": "neovim-flake",
        "nixpkgs": [
          "nixpkgs"
        ]
      },
      "locked": {
        "lastModified": 1638346476,
        "narHash": "sha256-n6gMG7+3C2DjpvzwRYC1Ag3QsfovJPKPj5Ds3LOTXg0=",
        "owner": "nix-community",
        "repo": "neovim-nightly-overlay",
        "rev": "3099b910be69b6e9c1bf00b25df9de2932d5318f",
        "type": "github"
      },
      "original": {
        "owner": "nix-community",
        "repo": "neovim-nightly-overlay",
        "type": "github"
      }
    },
    "nix-ld": {
      "inputs": {
        "nixpkgs": [
          "nixpkgs"
        ],
        "utils": "utils"
      },
      "locked": {
        "lastModified": 1637574694,
        "narHash": "sha256-UHYvqGnsU4h5/Kt3gbiRbaMcN7hJ8u7ey8t4qO8maUI=",
        "owner": "Mic92",
        "repo": "nix-ld",
        "rev": "6faa38511602d9c1c5ae44eaa0fc531e4b657576",
        "type": "github"
      },
      "original": {
        "owner": "Mic92",
        "repo": "nix-ld",
        "type": "github"
      }
    },
    "nixpkgs": {
      "locked": {
        "lastModified": 1638286143,
        "narHash": "sha256-A+rgjbIpz3uPRKHPXwdmouVcVn5pZqLnaZHymjkraG4=",
        "owner": "nixos",
        "repo": "nixpkgs",
        "rev": "29d1f6e1f625d246dcf84a78ef97b4da3cafc6ea",
        "type": "github"
      },
      "original": {
        "owner": "nixos",
        "ref": "nixos-unstable",
        "repo": "nixpkgs",
        "type": "github"
      }
    },
    "nixpkgs_2": {
      "locked": {
        "lastModified": 1638286143,
        "narHash": "sha256-A+rgjbIpz3uPRKHPXwdmouVcVn5pZqLnaZHymjkraG4=",
        "owner": "nixos",
        "repo": "nixpkgs",
        "rev": "29d1f6e1f625d246dcf84a78ef97b4da3cafc6ea",
        "type": "github"
      },
      "original": {
        "owner": "nixos",
        "ref": "nixos-unstable",
        "repo": "nixpkgs",
        "type": "github"
      }
    },
    "root": {
      "inputs": {
        "flake-utils": "flake-utils",
        "home-manager": "home-manager",
        "neovim-nightly-overlay": "neovim-nightly-overlay",
        "nix-ld": "nix-ld",
        "nixpkgs": "nixpkgs_2"
      }
    },
    "utils": {
      "locked": {
        "lastModified": 1610051610,
        "narHash": "sha256-U9rPz/usA1/Aohhk7Cmc2gBrEEKRzcW4nwPWMPwja4Y=",
        "owner": "numtide",
        "repo": "flake-utils",
        "rev": "3982c9903e93927c2164caa727cd3f6a0e6d14cc",
        "type": "github"
      },
      "original": {
        "owner": "numtide",
        "repo": "flake-utils",
        "type": "github"
      }
    }
  },
  "root": "root",
  "version": 7
}
