{
  "nodes": {
    "home-manager": {
      "inputs": {
        "nixpkgs": [
          "nixpkgs"
        ]
      },
      "locked": {
        "lastModified": 1604359704,
        "narHash": "sha256-nLo284zQmZHsKS0hjgC7NAbwWLgLQTHqvcfTNcYFLLg=",
        "owner": "nix-community",
        "repo": "home-manager",
        "rev": "1066e01707763381ee27e9e1b9758244b3661a4c",
        "type": "github"
      },
      "original": {
        "owner": "nix-community",
        "repo": "home-manager",
        "type": "github"
      }
    },
    "nixpkgs": {
      "locked": {
        "lastModified": 1604369895,
        "narHash": "sha256-uB/ihiWdfTjVQ9sKdtj6xeyvb41uC2J4MXiOLkwJccs=",
        "owner": "nixos",
        "repo": "nixpkgs",
        "rev": "34ad166a830d3ac1541dcce571c52231f2f0865a",
        "type": "github"
      },
      "original": {
        "owner": "nixos",
        "ref": "nixos-unstable",
        "repo": "nixpkgs",
        "type": "github"
      }
    },
    "root": {
      "inputs": {
        "home-manager": "home-manager",
        "nixpkgs": "nixpkgs"
      }
    }
  },
  "root": "root",
  "version": 7
}
